github.com/parakeet-nest/gollama v0.0.0 h1:ymO/i8VyAnvZVOHItGtKdQGmp3DfllXd+BA22JCoI/8=
github.com/parakeet-nest/gollama v0.0.0/go.mod h1:vbUYQYK+A51hkab5fxwbLFsuCIDl1bue8lZcGmApkcU=
github.com/parakeet-nest/gollama v0.0.1 h1:PUol+EHjlqGzezncnUzNYEQBFKzXxMcNeOZSaeAQ2+M=
github.com/parakeet-nest/gollama v0.0.1/go.mod h1:vbUYQYK+A51hkab5fxwbLFsuCIDl1bue8lZcGmApkcU=
github.com/parakeet-nest/gollama v0.0.2 h1:Haa7B9LqQlZp2gfI+aEU4a1si9ZLFKPGJSO40MLU3EQ=
github.com/parakeet-nest/gollama v0.0.2/go.mod h1:vbUYQYK+A51hkab5fxwbLFsuCIDl1bue8lZcGmApkcU=
github.com/parakeet-nest/gollama v0.0.5 h1:jxRg2dwOFcwXRhPLgvibRlpqpoXZca/wvYiqEzHcWTQ=
github.com/parakeet-nest/gollama v0.0.5/go.mod h1:vbUYQYK+A51hkab5fxwbLFsuCIDl1bue8lZcGmApkcU=
